
Microsoft Visual Studio Solution File, Format Version 12.00
# Visual Studio Version 16
VisualStudioVersion = 16.0.31005.135
MinimumVisualStudioVersion = 10.0.40219.1
Project("{8BC9CEB8-8B4A-11D0-8D11-00A0C91BC942}") = "GameServer", "GameServer\GameServer.vcxproj", "{F03FE732-3473-4BBD-94B1-D4916C3B4A15}"
EndProject
Project("{8BC9CEB8-8B4A-11D0-8D11-00A0C91BC942}") = "DummyClient", "DummyClient\DummyClient.vcxproj", "{BB44AE35-8484-4283-B63B-CEAC19CB6242}"
EndProject
Project("{8BC9CEB8-8B4A-11D0-8D11-00A0C91BC942}") = "ServerCore", "ServerCore\ServerCore.vcxproj", "{CAC2B122-7251-4759-8D77-04CD547B7348}"
EndProject
Project("{888888A0-9F3D-457C-B088-3A5042F75D52}") = "PacketGenerater", "Tools\PacketGenerater\PacketGenerater.pyproj", "{66CE191C-4BE5-4BC0-8F48-071E24614A11}"
EndProject
Global
	GlobalSection(SolutionConfigurationPlatforms) = preSolution
		Debug|x64 = Debug|x64
		Release|x64 = Release|x64
	EndGlobalSection
	GlobalSection(ProjectConfigurationPlatforms) = postSolution
		{F03FE732-3473-4BBD-94B1-D4916C3B4A15}.Debug|x64.ActiveCfg = Debug|x64
		{F03FE732-3473-4BBD-94B1-D4916C3B4A15}.Debug|x64.Build.0 = Debug|x64
		{F03FE732-3473-4BBD-94B1-D4916C3B4A15}.Release|x64.ActiveCfg = Release|x64
		{F03FE732-3473-4BBD-94B1-D4916C3B4A15}.Release|x64.Build.0 = Release|x64
		{BB44AE35-8484-4283-B63B-CEAC19CB6242}.Debug|x64.ActiveCfg = Debug|x64
		{BB44AE35-8484-4283-B63B-CEAC19CB6242}.Debug|x64.Build.0 = Debug|x64
		{BB44AE35-8484-4283-B63B-CEAC19CB6242}.Release|x64.ActiveCfg = Release|x64
		{BB44AE35-8484-4283-B63B-CEAC19CB6242}.Release|x64.Build.0 = Release|x64
		{CAC2B122-7251-4759-8D77-04CD547B7348}.Debug|x64.ActiveCfg = Debug|x64
		{CAC2B122-7251-4759-8D77-04CD547B7348}.Debug|x64.Build.0 = Debug|x64
		{CAC2B122-7251-4759-8D77-04CD547B7348}.Release|x64.ActiveCfg = Release|x64
		{CAC2B122-7251-4759-8D77-04CD547B7348}.Release|x64.Build.0 = Release|x64
		{66CE191C-4BE5-4BC0-8F48-071E24614A11}.Debug|x64.ActiveCfg = Debug|Any CPU
		{66CE191C-4BE5-4BC0-8F48-071E24614A11}.Release|x64.ActiveCfg = Release|Any CPU
	EndGlobalSection
	GlobalSection(SolutionProperties) = preSolution
		HideSolutionNode = FALSE
	EndGlobalSection
	GlobalSection(ExtensibilityGlobals) = postSolution
		SolutionGuid = {1E060915-B863-46DA-90CF-E578696AA9FC}
	EndGlobalSection
EndGlobal
